
<Solution>
  <Folder Name="/docs/">
    <File Path="docs/CLAUDE.md" />
  </Folder>
  <Folder Name="/common/">
    <File Path=".gitignore" />
    <File Path="Directory.Build.props" />
    <File Path="Directory.Build.targets" />
    <File Path="Directory.Packages.props" />
    <File Path="NuGet.config" />
  </Folder>
  <Project Path="src/DarkerConsole/DarkerConsole.csproj" />
</Solution>
